<?xml version="1.0" encoding="UTF-8"?>
<Project ToolsVersion="12.0" xmlns="http://schemas.microsoft.com/developer/msbuild/2003">
  <ItemGroup>
    <CustomBuild Include="C:\FYP-2015-EEE_build\CMakeFiles\e9ad7b3e021bca270147b6634074cab6\generate.stamp.rule">
      <Filter>CMake Rules</Filter>
    </CustomBuild>
  </ItemGroup>
  <ItemGroup>
    <Filter Include="CMake Rules">
      <UniqueIdentifier>{179700AC-FF1F-384C-8CFD-0DA54ABFAA47}</UniqueIdentifier>
    </Filter>
  </ItemGroup>
</Project>
