<?xml version="1.0" encoding="UTF-8"?>
<Project ToolsVersion="12.0" xmlns="http://schemas.microsoft.com/developer/msbuild/2003">
  <ItemGroup>
    <ClCompile Include="C:\FYP-2015-EEE_build\testbench\qwttest\moc_qwttest.cpp">
      <Filter>Source Files</Filter>
    </ClCompile>
    <ClCompile Include="C:\FYP-2015-EEE\testbench\qwttest\main.cpp">
      <Filter>Source Files</Filter>
    </ClCompile>
    <ClCompile Include="C:\FYP-2015-EEE\testbench\qwttest\qwttest.cpp">
      <Filter>Source Files</Filter>
    </ClCompile>
  </ItemGroup>
  <ItemGroup>
    <ClInclude Include="C:\FYP-2015-EEE\testbench\qwttest\qwttest.h">
      <Filter>Header Files</Filter>
    </ClInclude>
  </ItemGroup>
  <ItemGroup>
    <CustomBuild Include="C:\FYP-2015-EEE\testbench\qwttest\CMakeLists.txt" />
    <CustomBuild Include="C:\FYP-2015-EEE_build\CMakeFiles\2ad59baeba2bc5fb94ca156753da4d75\moc_qwttest.cpp.rule">
      <Filter>CMake Rules</Filter>
    </CustomBuild>
  </ItemGroup>
  <ItemGroup>
    <Filter Include="Source Files">
      <UniqueIdentifier>{73E2B5C2-DA3E-320E-A81C-D63C2AFE2CBF}</UniqueIdentifier>
    </Filter>
    <Filter Include="Header Files">
      <UniqueIdentifier>{7C4D8515-71F6-330E-92DE-41B8A77360DC}</UniqueIdentifier>
    </Filter>
    <Filter Include="CMake Rules">
      <UniqueIdentifier>{179700AC-FF1F-384C-8CFD-0DA54ABFAA47}</UniqueIdentifier>
    </Filter>
  </ItemGroup>
</Project>
